// !$*UTF8*$!
{
	archiveVersion = 1;
	classes = {
	};
	objectVersion = 52;
	objects = {

/* Begin PBXBuildFile section */
		91A0CBEA260786E2004E2B09 /* TopMoviePreviewView.swift in Sources */ = {isa = PBXBuildFile; fileRef = 91A0CBE9260786E2004E2B09 /* TopMoviePreviewView.swift */; };
		91A0CBED26078D95004E2B09 /* SmallVerticalButtonView.swift in Sources */ = {isa = PBXBuildFile; fileRef = 91A0CBEC26078D95004E2B09 /* SmallVerticalButtonView.swift */; };
		91A0CBF026079314004E2B09 /* PlayButtonView.swift in Sources */ = {isa = PBXBuildFile; fileRef = 91A0CBEF26079314004E2B09 /* PlayButtonView.swift */; };
		91A0CBF326080370004E2B09 /* MovieDetailView.swift in Sources */ = {isa = PBXBuildFile; fileRef = 91A0CBF226080370004E2B09 /* MovieDetailView.swift */; };
		91A0CBF626080A55004E2B09 /* EpisodeModel.swift in Sources */ = {isa = PBXBuildFile; fileRef = 91A0CBF526080A55004E2B09 /* EpisodeModel.swift */; };
		91A0CBFA2608AE5F004E2B09 /* CustomTabSwitcherView.swift in Sources */ = {isa = PBXBuildFile; fileRef = 91A0CBF92608AE5F004E2B09 /* CustomTabSwitcherView.swift */; };
		91A0CBFD2609D8E3004E2B09 /* MoreLikeThisView.swift in Sources */ = {isa = PBXBuildFile; fileRef = 91A0CBFC2609D8E3004E2B09 /* MoreLikeThisView.swift */; };
		91A0CC002609E361004E2B09 /* TrailerModel.swift in Sources */ = {isa = PBXBuildFile; fileRef = 91A0CBFF2609E361004E2B09 /* TrailerModel.swift */; };
		91A0CC032609E896004E2B09 /* SwiftUIVideoView.swift in Sources */ = {isa = PBXBuildFile; fileRef = 91A0CC022609E896004E2B09 /* SwiftUIVideoView.swift */; };
		91A0CC062609EA37004E2B09 /* VideoPreviewView.swift in Sources */ = {isa = PBXBuildFile; fileRef = 91A0CC052609EA37004E2B09 /* VideoPreviewView.swift */; };
		91A0CC092609ECC0004E2B09 /* TrailerView.swift in Sources */ = {isa = PBXBuildFile; fileRef = 91A0CC082609ECC0004E2B09 /* TrailerView.swift */; };
		91A0CC0C260A0286004E2B09 /* EpisodeView.swift in Sources */ = {isa = PBXBuildFile; fileRef = 91A0CC0B260A0286004E2B09 /* EpisodeView.swift */; };
		91BE09FD2606B1B700AFC5BB /* NetflixCloneApp.swift in Sources */ = {isa = PBXBuildFile; fileRef = 91BE09FC2606B1B700AFC5BB /* NetflixCloneApp.swift */; };
		91BE09FF2606B1B700AFC5BB /* ContentView.swift in Sources */ = {isa = PBXBuildFile; fileRef = 91BE09FE2606B1B700AFC5BB /* ContentView.swift */; };
		91BE0A012606B1BD00AFC5BB /* Assets.xcassets in Resources */ = {isa = PBXBuildFile; fileRef = 91BE0A002606B1BD00AFC5BB /* Assets.xcassets */; };
		91BE0A042606B1BD00AFC5BB /* Preview Assets.xcassets in Resources */ = {isa = PBXBuildFile; fileRef = 91BE0A032606B1BD00AFC5BB /* Preview Assets.xcassets */; };
		91BE0A0E2606B29B00AFC5BB /* HomeVIew.swift in Sources */ = {isa = PBXBuildFile; fileRef = 91BE0A0D2606B29B00AFC5BB /* HomeVIew.swift */; };
		91BE0A122606B45000AFC5BB /* KingfisherSwiftUI in Frameworks */ = {isa = PBXBuildFile; productRef = 91BE0A112606B45000AFC5BB /* KingfisherSwiftUI */; };
		91BE0A162606B52F00AFC5BB /* Movie.swift in Sources */ = {isa = PBXBuildFile; fileRef = 91BE0A152606B52F00AFC5BB /* Movie.swift */; };
		91BE0A1A2606B5A400AFC5BB /* StandardHomeMovieView.swift in Sources */ = {isa = PBXBuildFile; fileRef = 91BE0A192606B5A400AFC5BB /* StandardHomeMovieView.swift */; };
		91BE0A1D2606B62000AFC5BB /* GlobalHelpers.swift in Sources */ = {isa = PBXBuildFile; fileRef = 91BE0A1C2606B62000AFC5BB /* GlobalHelpers.swift */; };
		91BE0A202606B7DB00AFC5BB /* HomeViewModel.swift in Sources */ = {isa = PBXBuildFile; fileRef = 91BE0A1F2606B7DB00AFC5BB /* HomeViewModel.swift */; };
/* End PBXBuildFile section */

/* Begin PBXFileReference section */
		91A0CBE9260786E2004E2B09 /* TopMoviePreviewView.swift */ = {isa = PBXFileReference; lastKnownFileType = sourcecode.swift; path = TopMoviePreviewView.swift; sourceTree = "<group>"; };
		91A0CBEC26078D95004E2B09 /* SmallVerticalButtonView.swift */ = {isa = PBXFileReference; lastKnownFileType = sourcecode.swift; path = SmallVerticalButtonView.swift; sourceTree = "<group>"; };
		91A0CBEF26079314004E2B09 /* PlayButtonView.swift */ = {isa = PBXFileReference; lastKnownFileType = sourcecode.swift; path = PlayButtonView.swift; sourceTree = "<group>"; };
		91A0CBF226080370004E2B09 /* MovieDetailView.swift */ = {isa = PBXFileReference; lastKnownFileType = sourcecode.swift; path = MovieDetailView.swift; sourceTree = "<group>"; };
		91A0CBF526080A55004E2B09 /* EpisodeModel.swift */ = {isa = PBXFileReference; lastKnownFileType = sourcecode.swift; path = EpisodeModel.swift; sourceTree = "<group>"; };
		91A0CBF92608AE5F004E2B09 /* CustomTabSwitcherView.swift */ = {isa = PBXFileReference; lastKnownFileType = sourcecode.swift; path = CustomTabSwitcherView.swift; sourceTree = "<group>"; };
		91A0CBFC2609D8E3004E2B09 /* MoreLikeThisView.swift */ = {isa = PBXFileReference; lastKnownFileType = sourcecode.swift; path = MoreLikeThisView.swift; sourceTree = "<group>"; };
		91A0CBFF2609E361004E2B09 /* TrailerModel.swift */ = {isa = PBXFileReference; lastKnownFileType = sourcecode.swift; path = TrailerModel.swift; sourceTree = "<group>"; };
		91A0CC022609E896004E2B09 /* SwiftUIVideoView.swift */ = {isa = PBXFileReference; lastKnownFileType = sourcecode.swift; path = SwiftUIVideoView.swift; sourceTree = "<group>"; };
		91A0CC052609EA37004E2B09 /* VideoPreviewView.swift */ = {isa = PBXFileReference; lastKnownFileType = sourcecode.swift; path = VideoPreviewView.swift; sourceTree = "<group>"; };
		91A0CC082609ECC0004E2B09 /* TrailerView.swift */ = {isa = PBXFileReference; lastKnownFileType = sourcecode.swift; path = TrailerView.swift; sourceTree = "<group>"; };
		91A0CC0B260A0286004E2B09 /* EpisodeView.swift */ = {isa = PBXFileReference; lastKnownFileType = sourcecode.swift; path = EpisodeView.swift; sourceTree = "<group>"; };
		91BE09F92606B1B700AFC5BB /* NetflixClone.app */ = {isa = PBXFileReference; explicitFileType = wrapper.application; includeInIndex = 0; path = NetflixClone.app; sourceTree = BUILT_PRODUCTS_DIR; };
		91BE09FC2606B1B700AFC5BB /* NetflixCloneApp.swift */ = {isa = PBXFileReference; lastKnownFileType = sourcecode.swift; path = NetflixCloneApp.swift; sourceTree = "<group>"; };
		91BE09FE2606B1B700AFC5BB /* ContentView.swift */ = {isa = PBXFileReference; lastKnownFileType = sourcecode.swift; path = ContentView.swift; sourceTree = "<group>"; };
		91BE0A002606B1BD00AFC5BB /* Assets.xcassets */ = {isa = PBXFileReference; lastKnownFileType = folder.assetcatalog; path = Assets.xcassets; sourceTree = "<group>"; };
		91BE0A032606B1BD00AFC5BB /* Preview Assets.xcassets */ = {isa = PBXFileReference; lastKnownFileType = folder.assetcatalog; path = "Preview Assets.xcassets"; sourceTree = "<group>"; };
		91BE0A052606B1BD00AFC5BB /* Info.plist */ = {isa = PBXFileReference; lastKnownFileType = text.plist.xml; path = Info.plist; sourceTree = "<group>"; };
		91BE0A0D2606B29B00AFC5BB /* HomeVIew.swift */ = {isa = PBXFileReference; lastKnownFileType = sourcecode.swift; path = HomeVIew.swift; sourceTree = "<group>"; };
		91BE0A152606B52F00AFC5BB /* Movie.swift */ = {isa = PBXFileReference; lastKnownFileType = sourcecode.swift; path = Movie.swift; sourceTree = "<group>"; };
		91BE0A192606B5A400AFC5BB /* StandardHomeMovieView.swift */ = {isa = PBXFileReference; lastKnownFileType = sourcecode.swift; path = StandardHomeMovieView.swift; sourceTree = "<group>"; };
		91BE0A1C2606B62000AFC5BB /* GlobalHelpers.swift */ = {isa = PBXFileReference; lastKnownFileType = sourcecode.swift; path = GlobalHelpers.swift; sourceTree = "<group>"; };
		91BE0A1F2606B7DB00AFC5BB /* HomeViewModel.swift */ = {isa = PBXFileReference; lastKnownFileType = sourcecode.swift; path = HomeViewModel.swift; sourceTree = "<group>"; };
/* End PBXFileReference section */

/* Begin PBXFrameworksBuildPhase section */
		91BE09F62606B1B700AFC5BB /* Frameworks */ = {
			isa = PBXFrameworksBuildPhase;
			buildActionMask = 2147483647;
			files = (
				91BE0A122606B45000AFC5BB /* KingfisherSwiftUI in Frameworks */,
			);
			runOnlyForDeploymentPostprocessing = 0;
		};
/* End PBXFrameworksBuildPhase section */

/* Begin PBXGroup section */
		91BE09F02606B1B600AFC5BB = {
			isa = PBXGroup;
			children = (
				91BE09FB2606B1B700AFC5BB /* NetflixClone */,
				91BE09FA2606B1B700AFC5BB /* Products */,
			);
			sourceTree = "<group>";
		};
		91BE09FA2606B1B700AFC5BB /* Products */ = {
			isa = PBXGroup;
			children = (
				91BE09F92606B1B700AFC5BB /* NetflixClone.app */,
			);
			name = Products;
			sourceTree = "<group>";
		};
		91BE09FB2606B1B700AFC5BB /* NetflixClone */ = {
			isa = PBXGroup;
			children = (
				91BE0A0C2606B28900AFC5BB /* Screens  */,
				91BE0A182606B58500AFC5BB /* View */,
				91BE0A142606B50000AFC5BB /* Model */,
				91BE0A002606B1BD00AFC5BB /* Assets.xcassets */,
				91BE09FE2606B1B700AFC5BB /* ContentView.swift */,
				91BE0A052606B1BD00AFC5BB /* Info.plist */,
				91BE09FC2606B1B700AFC5BB /* NetflixCloneApp.swift */,
				91BE0A022606B1BD00AFC5BB /* Preview Content */,
			);
			path = NetflixClone;
			sourceTree = "<group>";
		};
		91BE0A022606B1BD00AFC5BB /* Preview Content */ = {
			isa = PBXGroup;
			children = (
				91BE0A032606B1BD00AFC5BB /* Preview Assets.xcassets */,
			);
			path = "Preview Content";
			sourceTree = "<group>";
		};
		91BE0A0C2606B28900AFC5BB /* Screens  */ = {
			isa = PBXGroup;
			children = (
				91BE0A0D2606B29B00AFC5BB /* HomeVIew.swift */,
				91A0CBF226080370004E2B09 /* MovieDetailView.swift */,
			);
			path = "Screens ";
			sourceTree = "<group>";
		};
		91BE0A142606B50000AFC5BB /* Model */ = {
			isa = PBXGroup;
			children = (
				91BE0A152606B52F00AFC5BB /* Movie.swift */,
				91BE0A1C2606B62000AFC5BB /* GlobalHelpers.swift */,
				91BE0A1F2606B7DB00AFC5BB /* HomeViewModel.swift */,
				91A0CBF526080A55004E2B09 /* EpisodeModel.swift */,
				91A0CBFF2609E361004E2B09 /* TrailerModel.swift */,
				91A0CC022609E896004E2B09 /* SwiftUIVideoView.swift */,
			);
			path = Model;
			sourceTree = "<group>";
		};
		91BE0A182606B58500AFC5BB /* View */ = {
			isa = PBXGroup;
			children = (
				91BE0A192606B5A400AFC5BB /* StandardHomeMovieView.swift */,
				91A0CBE9260786E2004E2B09 /* TopMoviePreviewView.swift */,
				91A0CBEC26078D95004E2B09 /* SmallVerticalButtonView.swift */,
				91A0CBEF26079314004E2B09 /* PlayButtonView.swift */,
				91A0CBF92608AE5F004E2B09 /* CustomTabSwitcherView.swift */,
				91A0CBFC2609D8E3004E2B09 /* MoreLikeThisView.swift */,
				91A0CC052609EA37004E2B09 /* VideoPreviewView.swift */,
				91A0CC082609ECC0004E2B09 /* TrailerView.swift */,
				91A0CC0B260A0286004E2B09 /* EpisodeView.swift */,
			);
			path = View;
			sourceTree = "<group>";
		};
/* End PBXGroup section */

/* Begin PBXNativeTarget section */
		91BE09F82606B1B700AFC5BB /* NetflixClone */ = {
			isa = PBXNativeTarget;
			buildConfigurationList = 91BE0A082606B1BD00AFC5BB /* Build configuration list for PBXNativeTarget "NetflixClone" */;
			buildPhases = (
				91BE09F52606B1B700AFC5BB /* Sources */,
				91BE09F62606B1B700AFC5BB /* Frameworks */,
				91BE09F72606B1B700AFC5BB /* Resources */,
			);
			buildRules = (
			);
			dependencies = (
			);
			name = NetflixClone;
			packageProductDependencies = (
				91BE0A112606B45000AFC5BB /* KingfisherSwiftUI */,
			);
			productName = NetflixClone;
			productReference = 91BE09F92606B1B700AFC5BB /* NetflixClone.app */;
			productType = "com.apple.product-type.application";
		};
/* End PBXNativeTarget section */

/* Begin PBXProject section */
		91BE09F12606B1B600AFC5BB /* Project object */ = {
			isa = PBXProject;
			attributes = {
				LastSwiftUpdateCheck = 1240;
				LastUpgradeCheck = 1240;
				TargetAttributes = {
					91BE09F82606B1B700AFC5BB = {
						CreatedOnToolsVersion = 12.4;
					};
				};
			};
			buildConfigurationList = 91BE09F42606B1B600AFC5BB /* Build configuration list for PBXProject "NetflixClone" */;
			compatibilityVersion = "Xcode 9.3";
			developmentRegion = en;
			hasScannedForEncodings = 0;
			knownRegions = (
				en,
				Base,
			);
			mainGroup = 91BE09F02606B1B600AFC5BB;
			packageReferences = (
				91BE0A102606B45000AFC5BB /* XCRemoteSwiftPackageReference "Kingfisher" */,
			);
			productRefGroup = 91BE09FA2606B1B700AFC5BB /* Products */;
			projectDirPath = "";
			projectRoot = "";
			targets = (
				91BE09F82606B1B700AFC5BB /* NetflixClone */,
			);
		};
/* End PBXProject section */

/* Begin PBXResourcesBuildPhase section */
		91BE09F72606B1B700AFC5BB /* Resources */ = {
			isa = PBXResourcesBuildPhase;
			buildActionMask = 2147483647;
			files = (
				91BE0A042606B1BD00AFC5BB /* Preview Assets.xcassets in Resources */,
				91BE0A012606B1BD00AFC5BB /* Assets.xcassets in Resources */,
			);
			runOnlyForDeploymentPostprocessing = 0;
		};
/* End PBXResourcesBuildPhase section */

/* Begin PBXSourcesBuildPhase section */
		91BE09F52606B1B700AFC5BB /* Sources */ = {
			isa = PBXSourcesBuildPhase;
			buildActionMask = 2147483647;
			files = (
				91A0CBED26078D95004E2B09 /* SmallVerticalButtonView.swift in Sources */,
				91BE0A1D2606B62000AFC5BB /* GlobalHelpers.swift in Sources */,
				91A0CC092609ECC0004E2B09 /* TrailerView.swift in Sources */,
				91BE0A0E2606B29B00AFC5BB /* HomeVIew.swift in Sources */,
				91BE0A202606B7DB00AFC5BB /* HomeViewModel.swift in Sources */,
				91A0CBFD2609D8E3004E2B09 /* MoreLikeThisView.swift in Sources */,
				91A0CBFA2608AE5F004E2B09 /* CustomTabSwitcherView.swift in Sources */,
				91A0CC062609EA37004E2B09 /* VideoPreviewView.swift in Sources */,
				91A0CBF026079314004E2B09 /* PlayButtonView.swift in Sources */,
				91A0CC0C260A0286004E2B09 /* EpisodeView.swift in Sources */,
				91BE09FF2606B1B700AFC5BB /* ContentView.swift in Sources */,
				91A0CBEA260786E2004E2B09 /* TopMoviePreviewView.swift in Sources */,
				91BE0A162606B52F00AFC5BB /* Movie.swift in Sources */,
				91BE09FD2606B1B700AFC5BB /* NetflixCloneApp.swift in Sources */,
				91A0CC002609E361004E2B09 /* TrailerModel.swift in Sources */,
				91BE0A1A2606B5A400AFC5BB /* StandardHomeMovieView.swift in Sources */,
				91A0CBF326080370004E2B09 /* MovieDetailView.swift in Sources */,
				91A0CC032609E896004E2B09 /* SwiftUIVideoView.swift in Sources */,
				91A0CBF626080A55004E2B09 /* EpisodeModel.swift in Sources */,
			);
			runOnlyForDeploymentPostprocessing = 0;
		};
/* End PBXSourcesBuildPhase section */

/* Begin XCBuildConfiguration section */
		91BE0A062606B1BD00AFC5BB /* Debug */ = {
			isa = XCBuildConfiguration;
			buildSettings = {
				ALWAYS_SEARCH_USER_PATHS = NO;
				CLANG_ANALYZER_NONNULL = YES;
				CLANG_ANALYZER_NUMBER_OBJECT_CONVERSION = YES_AGGRESSIVE;
				CLANG_CXX_LANGUAGE_STANDARD = "gnu++14";
				CLANG_CXX_LIBRARY = "libc++";
				CLANG_ENABLE_MODULES = YES;
				CLANG_ENABLE_OBJC_ARC = YES;
				CLANG_ENABLE_OBJC_WEAK = YES;
				CLANG_WARN_BLOCK_CAPTURE_AUTORELEASING = YES;
				CLANG_WARN_BOOL_CONVERSION = YES;
				CLANG_WARN_COMMA = YES;
				CLANG_WARN_CONSTANT_CONVERSION = YES;
				CLANG_WARN_DEPRECATED_OBJC_IMPLEMENTATIONS = YES;
				CLANG_WARN_DIRECT_OBJC_ISA_USAGE = YES_ERROR;
				CLANG_WARN_DOCUMENTATION_COMMENTS = YES;
				CLANG_WARN_EMPTY_BODY = YES;
				CLANG_WARN_ENUM_CONVERSION = YES;
				CLANG_WARN_INFINITE_RECURSION = YES;
				CLANG_WARN_INT_CONVERSION = YES;
				CLANG_WARN_NON_LITERAL_NULL_CONVERSION = YES;
				CLANG_WARN_OBJC_IMPLICIT_RETAIN_SELF = YES;
				CLANG_WARN_OBJC_LITERAL_CONVERSION = YES;
				CLANG_WARN_OBJC_ROOT_CLASS = YES_ERROR;
				CLANG_WARN_QUOTED_INCLUDE_IN_FRAMEWORK_HEADER = YES;
				CLANG_WARN_RANGE_LOOP_ANALYSIS = YES;
				CLANG_WARN_STRICT_PROTOTYPES = YES;
				CLANG_WARN_SUSPICIOUS_MOVE = YES;
				CLANG_WARN_UNGUARDED_AVAILABILITY = YES_AGGRESSIVE;
				CLANG_WARN_UNREACHABLE_CODE = YES;
				CLANG_WARN__DUPLICATE_METHOD_MATCH = YES;
				COPY_PHASE_STRIP = NO;
				DEBUG_INFORMATION_FORMAT = dwarf;
				ENABLE_STRICT_OBJC_MSGSEND = YES;
				ENABLE_TESTABILITY = YES;
				GCC_C_LANGUAGE_STANDARD = gnu11;
				GCC_DYNAMIC_NO_PIC = NO;
				GCC_NO_COMMON_BLOCKS = YES;
				GCC_OPTIMIZATION_LEVEL = 0;
				GCC_PREPROCESSOR_DEFINITIONS = (
					"DEBUG=1",
					"$(inherited)",
				);
				GCC_WARN_64_TO_32_BIT_CONVERSION = YES;
				GCC_WARN_ABOUT_RETURN_TYPE = YES_ERROR;
				GCC_WARN_UNDECLARED_SELECTOR = YES;
				GCC_WARN_UNINITIALIZED_AUTOS = YES_AGGRESSIVE;
				GCC_WARN_UNUSED_FUNCTION = YES;
				GCC_WARN_UNUSED_VARIABLE = YES;
				IPHONEOS_DEPLOYMENT_TARGET = 14.4;
				MTL_ENABLE_DEBUG_INFO = INCLUDE_SOURCE;
				MTL_FAST_MATH = YES;
				ONLY_ACTIVE_ARCH = YES;
				SDKROOT = iphoneos;
				SWIFT_ACTIVE_COMPILATION_CONDITIONS = DEBUG;
				SWIFT_OPTIMIZATION_LEVEL = "-Onone";
			};
			name = Debug;
		};
		91BE0A072606B1BD00AFC5BB /* Release */ = {
			isa = XCBuildConfiguration;
			buildSettings = {
				ALWAYS_SEARCH_USER_PATHS = NO;
				CLANG_ANALYZER_NONNULL = YES;
				CLANG_ANALYZER_NUMBER_OBJECT_CONVERSION = YES_AGGRESSIVE;
				CLANG_CXX_LANGUAGE_STANDARD = "gnu++14";
				CLANG_CXX_LIBRARY = "libc++";
				CLANG_ENABLE_MODULES = YES;
				CLANG_ENABLE_OBJC_ARC = YES;
				CLANG_ENABLE_OBJC_WEAK = YES;
				CLANG_WARN_BLOCK_CAPTURE_AUTORELEASING = YES;
				CLANG_WARN_BOOL_CONVERSION = YES;
				CLANG_WARN_COMMA = YES;
				CLANG_WARN_CONSTANT_CONVERSION = YES;
				CLANG_WARN_DEPRECATED_OBJC_IMPLEMENTATIONS = YES;
				CLANG_WARN_DIRECT_OBJC_ISA_USAGE = YES_ERROR;
				CLANG_WARN_DOCUMENTATION_COMMENTS = YES;
				CLANG_WARN_EMPTY_BODY = YES;
				CLANG_WARN_ENUM_CONVERSION = YES;
				CLANG_WARN_INFINITE_RECURSION = YES;
				CLANG_WARN_INT_CONVERSION = YES;
				CLANG_WARN_NON_LITERAL_NULL_CONVERSION = YES;
				CLANG_WARN_OBJC_IMPLICIT_RETAIN_SELF = YES;
				CLANG_WARN_OBJC_LITERAL_CONVERSION = YES;
				CLANG_WARN_OBJC_ROOT_CLASS = YES_ERROR;
				CLANG_WARN_QUOTED_INCLUDE_IN_FRAMEWORK_HEADER = YES;
				CLANG_WARN_RANGE_LOOP_ANALYSIS = YES;
				CLANG_WARN_STRICT_PROTOTYPES = YES;
				CLANG_WARN_SUSPICIOUS_MOVE = YES;
				CLANG_WARN_UNGUARDED_AVAILABILITY = YES_AGGRESSIVE;
				CLANG_WARN_UNREACHABLE_CODE = YES;
				CLANG_WARN__DUPLICATE_METHOD_MATCH = YES;
				COPY_PHASE_STRIP = NO;
				DEBUG_INFORMATION_FORMAT = "dwarf-with-dsym";
				ENABLE_NS_ASSERTIONS = NO;
				ENABLE_STRICT_OBJC_MSGSEND = YES;
				GCC_C_LANGUAGE_STANDARD = gnu11;
				GCC_NO_COMMON_BLOCKS = YES;
				GCC_WARN_64_TO_32_BIT_CONVERSION = YES;
				GCC_WARN_ABOUT_RETURN_TYPE = YES_ERROR;
				GCC_WARN_UNDECLARED_SELECTOR = YES;
				GCC_WARN_UNINITIALIZED_AUTOS = YES_AGGRESSIVE;
				GCC_WARN_UNUSED_FUNCTION = YES;
				GCC_WARN_UNUSED_VARIABLE = YES;
				IPHONEOS_DEPLOYMENT_TARGET = 14.4;
				MTL_ENABLE_DEBUG_INFO = NO;
				MTL_FAST_MATH = YES;
				SDKROOT = iphoneos;
				SWIFT_COMPILATION_MODE = wholemodule;
				SWIFT_OPTIMIZATION_LEVEL = "-O";
				VALIDATE_PRODUCT = YES;
			};
			name = Release;
		};
		91BE0A092606B1BD00AFC5BB /* Debug */ = {
			isa = XCBuildConfiguration;
			buildSettings = {
				ASSETCATALOG_COMPILER_APPICON_NAME = AppIcon;
				ASSETCATALOG_COMPILER_GLOBAL_ACCENT_COLOR_NAME = AccentColor;
				CODE_SIGN_STYLE = Automatic;
				DEVELOPMENT_ASSET_PATHS = "\"NetflixClone/Preview Content\"";
				DEVELOPMENT_TEAM = 7PW6GNYDNK;
				ENABLE_PREVIEWS = YES;
				INFOPLIST_FILE = NetflixClone/Info.plist;
				IPHONEOS_DEPLOYMENT_TARGET = 14.0;
				LD_RUNPATH_SEARCH_PATHS = (
					"$(inherited)",
					"@executable_path/Frameworks",
				);
				PRODUCT_BUNDLE_IDENTIFIER = RagnhildKSteinsland.NetflixClone;
				PRODUCT_NAME = "$(TARGET_NAME)";
				SWIFT_VERSION = 5.0;
				TARGETED_DEVICE_FAMILY = "1,2";
			};
			name = Debug;
		};
		91BE0A0A2606B1BD00AFC5BB /* Release */ = {
			isa = XCBuildConfiguration;
			buildSettings = {
				ASSETCATALOG_COMPILER_APPICON_NAME = AppIcon;
				ASSETCATALOG_COMPILER_GLOBAL_ACCENT_COLOR_NAME = AccentColor;
				CODE_SIGN_STYLE = Automatic;
				DEVELOPMENT_ASSET_PATHS = "\"NetflixClone/Preview Content\"";
				DEVELOPMENT_TEAM = 7PW6GNYDNK;
				ENABLE_PREVIEWS = YES;
				INFOPLIST_FILE = NetflixClone/Info.plist;
				IPHONEOS_DEPLOYMENT_TARGET = 14.0;
				LD_RUNPATH_SEARCH_PATHS = (
					"$(inherited)",
					"@executable_path/Frameworks",
				);
				PRODUCT_BUNDLE_IDENTIFIER = RagnhildKSteinsland.NetflixClone;
				PRODUCT_NAME = "$(TARGET_NAME)";
				SWIFT_VERSION = 5.0;
				TARGETED_DEVICE_FAMILY = "1,2";
			};
			name = Release;
		};
/* End XCBuildConfiguration section */

/* Begin XCConfigurationList section */
		91BE09F42606B1B600AFC5BB /* Build configuration list for PBXProject "NetflixClone" */ = {
			isa = XCConfigurationList;
			buildConfigurations = (
				91BE0A062606B1BD00AFC5BB /* Debug */,
				91BE0A072606B1BD00AFC5BB /* Release */,
			);
			defaultConfigurationIsVisible = 0;
			defaultConfigurationName = Release;
		};
		91BE0A082606B1BD00AFC5BB /* Build configuration list for PBXNativeTarget "NetflixClone" */ = {
			isa = XCConfigurationList;
			buildConfigurations = (
				91BE0A092606B1BD00AFC5BB /* Debug */,
				91BE0A0A2606B1BD00AFC5BB /* Release */,
			);
			defaultConfigurationIsVisible = 0;
			defaultConfigurationName = Release;
		};
/* End XCConfigurationList section */

/* Begin XCRemoteSwiftPackageReference section */
		91BE0A102606B45000AFC5BB /* XCRemoteSwiftPackageReference "Kingfisher" */ = {
			isa = XCRemoteSwiftPackageReference;
			repositoryURL = "http://github.com/onevcat/Kingfisher";
			requirement = {
				kind = exactVersion;
				version = 5.14.1;
			};
		};
/* End XCRemoteSwiftPackageReference section */

/* Begin XCSwiftPackageProductDependency section */
		91BE0A112606B45000AFC5BB /* KingfisherSwiftUI */ = {
			isa = XCSwiftPackageProductDependency;
			package = 91BE0A102606B45000AFC5BB /* XCRemoteSwiftPackageReference "Kingfisher" */;
			productName = KingfisherSwiftUI;
		};
/* End XCSwiftPackageProductDependency section */
	};
	rootObject = 91BE09F12606B1B600AFC5BB /* Project object */;
}
